{
  "name": "test1",
  "version": "1.0.0",
  "lockfileVersion": 1,
  "requires": true,
  "dependencies": {
    "autoprefixer": {
      "version": "6.7.7",
      "resolved": "https://registry.npm.taobao.org/autoprefixer/download/autoprefixer-6.7.7.tgz",
      "dev": true,
      "dependencies": {
        "browserslist": {
          "version": "https://registry.npm.taobao.org/browserslist/download/browserslist-1.7.7.tgz",
          "bundled": true
        },
        "caniuse-db": {
          "version": "https://registry.npm.taobao.org/caniuse-db/download/caniuse-db-1.0.30000995.tgz",
          "bundled": true
        },
        "normalize-range": {
          "version": "https://registry.npm.taobao.org/normalize-range/download/normalize-range-0.1.2.tgz",
          "bundled": true
        },
        "num2fraction": {
          "version": "https://registry.npm.taobao.org/num2fraction/download/num2fraction-1.2.2.tgz",
          "bundled": true
        },
        "postcss": {
          "version": "https://registry.npm.taobao.org/postcss/download/postcss-5.2.18.tgz?cache=0&other_urls=https%3A%2F%2Fregistry.npm.taobao.org%2Fpostcss%2Fdownload%2Fpostcss-5.2.18.tgz",
          "bundled": true,
          "dependencies": {
            "chalk": {
              "version": "https://registry.npm.taobao.org/chalk/download/chalk-1.1.3.tgz",
              "bundled": true,
              "dependencies": {
                "ansi-styles": {
                  "version": "https://registry.npm.taobao.org/ansi-styles/download/ansi-styles-2.2.1.tgz?cache=0&other_urls=https%3A%2F%2Fregistry.npm.taobao.org%2Fansi-styles%2Fdownload%2Fansi-styles-2.2.1.tgz"
                },
                "escape-string-regexp": {
                  "version": "https://registry.npm.taobao.org/escape-string-regexp/download/escape-string-regexp-1.0.5.tgz"
                },
                "has-ansi": {
                  "version": "https://registry.npm.taobao.org/has-ansi/download/has-ansi-2.0.0.tgz?cache=0&sync_timestamp=1568144533484&other_urls=https%3A%2F%2Fregistry.npm.taobao.org%2Fhas-ansi%2Fdownload%2Fhas-ansi-2.0.0.tgz"
                },
                "strip-ansi": {
                  "version": "https://registry.npm.taobao.org/strip-ansi/download/strip-ansi-3.0.1.tgz"
                },
                "supports-color": {
                  "version": "https://registry.npm.taobao.org/supports-color/download/supports-color-2.0.0.tgz"
                }
              }
            },
            "js-base64": {
              "version": "https://registry.npm.taobao.org/js-base64/download/js-base64-2.5.1.tgz?cache=0&other_urls=https%3A%2F%2Fregistry.npm.taobao.org%2Fjs-base64%2Fdownload%2Fjs-base64-2.5.1.tgz",
              "bundled": true
            },
            "source-map": {
              "version": "https://registry.npm.taobao.org/source-map/download/source-map-0.5.7.tgz",
              "bundled": true
            },
            "supports-color": {
              "version": "https://registry.npm.taobao.org/supports-color/download/supports-color-3.2.3.tgz",
              "bundled": true
            }
          }
        },
        "postcss-value-parser": {
          "version": "https://registry.npm.taobao.org/postcss-value-parser/download/postcss-value-parser-3.3.1.tgz",
          "bundled": true
        }
      }
    },
    "core-util-is": {
      "version": "1.0.2",
      "resolved": "https://registry.npm.taobao.org/core-util-is/download/core-util-is-1.0.2.tgz"
    },
    "del": {
      "version": "5.1.0",
      "resolved": "https://registry.npm.taobao.org/del/download/del-5.1.0.tgz",
      "dev": true,
      "dependencies": {
        "globby": {
          "version": "https://registry.npm.taobao.org/globby/download/globby-10.0.1.tgz"
        },
        "graceful-fs": {
          "version": "https://registry.npm.taobao.org/graceful-fs/download/graceful-fs-4.2.2.tgz"
        },
        "is-glob": {
          "version": "https://registry.npm.taobao.org/is-glob/download/is-glob-4.0.1.tgz",
          "dependencies": {
            "is-extglob": {
              "version": "https://registry.npm.taobao.org/is-extglob/download/is-extglob-2.1.1.tgz",
              "bundled": true
            }
          }
        },
        "is-path-cwd": {
          "version": "https://registry.npm.taobao.org/is-path-cwd/download/is-path-cwd-2.2.0.tgz?cache=0&sync_timestamp=1562347283002&other_urls=https%3A%2F%2Fregistry.npm.taobao.org%2Fis-path-cwd%2Fdownload%2Fis-path-cwd-2.2.0.tgz"
        },
        "is-path-inside": {
          "version": "https://registry.npm.taobao.org/is-path-inside/download/is-path-inside-3.0.1.tgz"
        },
        "p-map": {
          "version": "https://registry.npm.taobao.org/p-map/download/p-map-3.0.0.tgz?cache=0&sync_timestamp=1563032875018&other_urls=https%3A%2F%2Fregistry.npm.taobao.org%2Fp-map%2Fdownload%2Fp-map-3.0.0.tgz"
        },
        "rimraf": {
          "version": "https://registry.npm.taobao.org/rimraf/download/rimraf-3.0.0.tgz",
          "dependencies": {
            "glob": {
              "version": "https://registry.npm.taobao.org/glob/download/glob-7.1.4.tgz",
              "dependencies": {
                "fs.realpath": {
                  "version": "https://registry.npm.taobao.org/fs.realpath/download/fs.realpath-1.0.0.tgz",
                  "bundled": true
                },
                "inflight": {
                  "version": "https://registry.npm.taobao.org/inflight/download/inflight-1.0.6.tgz",
                  "bundled": true
                },
                "inherits": {
                  "version": "https://registry.npm.taobao.org/inherits/download/inherits-2.0.4.tgz",
                  "bundled": true
                },
                "minimatch": {
                  "version": "https://registry.npm.taobao.org/minimatch/download/minimatch-3.0.4.tgz",
                  "bundled": true
                },
                "once": {
                  "version": "https://registry.npm.taobao.org/once/download/once-1.4.0.tgz",
                  "bundled": true,
                  "dependencies": {
                    "wrappy": {
                      "version": "https://registry.npm.taobao.org/wrappy/download/wrappy-1.0.2.tgz",
                      "bundled": true
                    }
                  }
                },
                "path-is-absolute": {
                  "version": "https://registry.npm.taobao.org/path-is-absolute/download/path-is-absolute-1.0.1.tgz",
                  "bundled": true
                }
              }
            }
          }
        },
        "slash": {
          "version": "https://registry.npm.taobao.org/slash/download/slash-3.0.0.tgz"
        }
      }
    },
    "gulp": {
      "version": "4.0.2",
      "resolved": "https://registry.npm.taobao.org/gulp/download/gulp-4.0.2.tgz",
      "dev": true,
      "dependencies": {
        "glob-watcher": {
          "version": "https://registry.npm.taobao.org/glob-watcher/download/glob-watcher-5.0.3.tgz",
          "dependencies": {
            "anymatch": {
              "version": "https://registry.npm.taobao.org/anymatch/download/anymatch-2.0.0.tgz",
              "bundled": true,
              "dependencies": {
                "micromatch": {
                  "version": "https://registry.npm.taobao.org/micromatch/download/micromatch-3.1.10.tgz",
                  "bundled": true
                },
                "normalize-path": {
                  "version": "https://registry.npm.taobao.org/normalize-path/download/normalize-path-2.1.1.tgz",
                  "bundled": true,
                  "dependencies": {
                    "remove-trailing-separator": {
                      "version": "https://registry.npm.taobao.org/remove-trailing-separator/download/remove-trailing-separator-1.1.0.tgz"
                    }
                  }
                }
              }
            },
            "async-done": {
              "version": "https://registry.npm.taobao.org/async-done/download/async-done-1.3.2.tgz",
              "bundled": true,
              "dependencies": {
                "end-of-stream": {
                  "version": "https://registry.npm.taobao.org/end-of-stream/download/end-of-stream-1.4.1.tgz",
                  "dependencies": {
                    "once": {
                      "version": "https://registry.npm.taobao.org/once/download/once-1.4.0.tgz",
                      "dependencies": {
                        "wrappy": {
                          "version": "https://registry.npm.taobao.org/wrappy/download/wrappy-1.0.2.tgz",
                          "bundled": true
                        }
                      }
                    }
                  }
                },
                "once": {
                  "version": "https://registry.npm.taobao.org/once/download/once-1.4.0.tgz",
                  "dependencies": {
                    "wrappy": {
                      "version": "https://registry.npm.taobao.org/wrappy/download/wrappy-1.0.2.tgz",
                      "bundled": true
                    }
                  }
                },
                "process-nextick-args": {
                  "version": "https://registry.npm.taobao.org/process-nextick-args/download/process-nextick-args-2.0.1.tgz"
                },
                "stream-exhaust": {
                  "version": "https://registry.npm.taobao.org/stream-exhaust/download/stream-exhaust-1.0.2.tgz"
                }
              }
            },
            "chokidar": {
              "version": "https://registry.npm.taobao.org/chokidar/download/chokidar-2.1.8.tgz",
              "bundled": true,
              "dependencies": {
                "anymatch": {
                  "version": "https://registry.npm.taobao.org/anymatch/download/anymatch-2.0.0.tgz",
                  "bundled": true
                },
                "async-each": {
                  "version": "https://registry.npm.taobao.org/async-each/download/async-each-1.0.3.tgz",
                  "bundled": true
                },
                "braces": {
                  "version": "https://registry.npm.taobao.org/braces/download/braces-2.3.2.tgz",
                  "bundled": true,
                  "dependencies": {
                    "arr-flatten": {
                      "version": "https://registry.npm.taobao.org/arr-flatten/download/arr-flatten-1.1.0.tgz"
                    },
                    "array-unique": {
                      "version": "https://registry.npm.taobao.org/array-unique/download/array-unique-0.3.2.tgz"
                    },
                    "extend-shallow": {
                      "version": "https://registry.npm.taobao.org/extend-shallow/download/extend-shallow-2.0.1.tgz"
                    },
                    "fill-range": {
                      "version": "https://registry.npm.taobao.org/fill-range/download/fill-range-4.0.0.tgz"
                    },
                    "isobject": {
                      "version": "https://registry.npm.taobao.org/isobject/download/isobject-3.0.1.tgz"
                    },
                    "repeat-element": {
                      "version": "https://registry.npm.taobao.org/repeat-element/download/repeat-element-1.1.3.tgz"
                    },
                    "snapdragon": {
                      "version": "https://registry.npm.taobao.org/snapdragon/download/snapdragon-0.8.2.tgz"
                    },
                    "snapdragon-node": {
                      "version": "https://registry.npm.taobao.org/snapdragon-node/download/snapdragon-node-2.1.1.tgz"
                    },
                    "split-string": {
                      "version": "https://registry.npm.taobao.org/split-string/download/split-string-3.1.0.tgz",
                      "dependencies": {
                        "extend-shallow": {
                          "version": "https://registry.npm.taobao.org/extend-shallow/download/extend-shallow-3.0.2.tgz"
                        }
                      }
                    },
                    "to-regex": {
                      "version": "https://registry.npm.taobao.org/to-regex/download/to-regex-3.0.2.tgz"
                    }
                  }
                },
                "glob-parent": {
                  "version": "https://registry.npm.taobao.org/glob-parent/download/glob-parent-3.1.0.tgz",
                  "bundled": true
                },
                "inherits": {
                  "version": "https://registry.npm.taobao.org/inherits/download/inherits-2.0.4.tgz",
                  "bundled": true
                },
                "is-binary-path": {
                  "version": "https://registry.npm.taobao.org/is-binary-path/download/is-binary-path-1.0.1.tgz",
                  "bundled": true
                },
                "is-glob": {
                  "version": "https://registry.npm.taobao.org/is-glob/download/is-glob-4.0.1.tgz",
                  "bundled": true,
                  "dependencies": {
                    "is-extglob": {
                      "version": "https://registry.npm.taobao.org/is-extglob/download/is-extglob-2.1.1.tgz",
                      "bundled": true
                    }
                  }
                },
                "normalize-path": {
                  "version": "https://registry.npm.taobao.org/normalize-path/download/normalize-path-3.0.0.tgz",
                  "bundled": true
                },
                "path-is-absolute": {
                  "version": "https://registry.npm.taobao.org/path-is-absolute/download/path-is-absolute-1.0.1.tgz",
                  "bundled": true
                },
                "readdirp": {
                  "version": "https://registry.npm.taobao.org/readdirp/download/readdirp-2.2.1.tgz",
                  "bundled": true
                },
                "upath": {
                  "version": "https://registry.npm.taobao.org/upath/download/upath-1.2.0.tgz?cache=0&sync_timestamp=1567457281208&other_urls=https%3A%2F%2Fregistry.npm.taobao.org%2Fupath%2Fdownload%2Fupath-1.2.0.tgz",
                  "bundled": true
                }
              }
            },
            "is-negated-glob": {
              "version": "https://registry.npm.taobao.org/is-negated-glob/download/is-negated-glob-1.0.0.tgz",
              "bundled": true
            },
            "just-debounce": {
              "version": "https://registry.npm.taobao.org/just-debounce/download/just-debounce-1.0.0.tgz",
              "bundled": true
            },
            "object.defaults": {
              "version": "https://registry.npm.taobao.org/object.defaults/download/object.defaults-1.1.0.tgz",
              "bundled": true,
              "dependencies": {
                "array-each": {
                  "version": "https://registry.npm.taobao.org/array-each/download/array-each-1.0.1.tgz"
                },
                "array-slice": {
                  "version": "https://registry.npm.taobao.org/array-slice/download/array-slice-1.1.0.tgz"
                },
                "for-own": {
                  "version": "https://registry.npm.taobao.org/for-own/download/for-own-1.0.0.tgz"
                },
                "isobject": {
                  "version": "https://registry.npm.taobao.org/isobject/download/isobject-3.0.1.tgz"
                }
              }
            }
          }
        },
        "gulp-cli": {
          "version": "https://registry.npm.taobao.org/gulp-cli/download/gulp-cli-2.2.0.tgz"
        },
        "undertaker": {
          "version": "https://registry.npm.taobao.org/undertaker/download/undertaker-1.2.1.tgz"
        },
        "vinyl-fs": {
          "version": "https://registry.npm.taobao.org/vinyl-fs/download/vinyl-fs-3.0.3.tgz"
        }
      }
    },
    "gulp-changed": {
      "version": "3.2.0",
      "resolved": "https://registry.npm.taobao.org/gulp-changed/download/gulp-changed-3.2.0.tgz",
      "dev": true,
      "dependencies": {
        "make-dir": {
          "version": "https://registry.npm.taobao.org/make-dir/download/make-dir-1.3.0.tgz",
          "bundled": true
        },
        "pify": {
          "version": "https://registry.npm.taobao.org/pify/download/pify-3.0.0.tgz",
          "bundled": true
        },
        "plugin-error": {
          "version": "https://registry.npm.taobao.org/plugin-error/download/plugin-error-0.1.2.tgz",
          "bundled": true
        },
        "replace-ext": {
          "version": "https://registry.npm.taobao.org/replace-ext/download/replace-ext-1.0.0.tgz",
          "bundled": true
        },
        "through2": {
          "version": "https://registry.npm.taobao.org/through2/download/through2-2.0.5.tgz?cache=0&other_urls=https%3A%2F%2Fregistry.npm.taobao.org%2Fthrough2%2Fdownload%2Fthrough2-2.0.5.tgz",
          "bundled": true,
          "dependencies": {
            "readable-stream": {
              "version": "https://registry.npm.taobao.org/readable-stream/download/readable-stream-2.3.6.tgz",
              "dependencies": {
                "core-util-is": {
                  "version": "https://registry.npm.taobao.org/core-util-is/download/core-util-is-1.0.2.tgz"
                },
                "inherits": {
                  "version": "https://registry.npm.taobao.org/inherits/download/inherits-2.0.4.tgz"
                },
                "isarray": {
                  "version": "https://registry.npm.taobao.org/isarray/download/isarray-1.0.0.tgz?cache=0&sync_timestamp=1562592096220&other_urls=https%3A%2F%2Fregistry.npm.taobao.org%2Fisarray%2Fdownload%2Fisarray-1.0.0.tgz"
                },
                "process-nextick-args": {
                  "version": "https://registry.npm.taobao.org/process-nextick-args/download/process-nextick-args-2.0.1.tgz"
                },
                "safe-buffer": {
                  "version": "https://registry.npm.taobao.org/safe-buffer/download/safe-buffer-5.1.2.tgz"
                },
                "string_decoder": {
                  "version": "https://registry.npm.taobao.org/string_decoder/download/string_decoder-1.1.1.tgz?cache=0&sync_timestamp=1565170823020&other_urls=https%3A%2F%2Fregistry.npm.taobao.org%2Fstring_decoder%2Fdownload%2Fstring_decoder-1.1.1.tgz"
                },
                "util-deprecate": {
                  "version": "https://registry.npm.taobao.org/util-deprecate/download/util-deprecate-1.0.2.tgz"
                }
              }
            },
            "xtend": {
              "version": "https://registry.npm.taobao.org/xtend/download/xtend-4.0.2.tgz"
            }
          }
        },
        "touch": {
          "version": "https://registry.npm.taobao.org/touch/download/touch-3.1.0.tgz",
          "bundled": true
        }
      }
    },
    "gulp-postcss": {
      "version": "6.4.0",
      "resolved": "https://registry.npm.taobao.org/gulp-postcss/download/gulp-postcss-6.4.0.tgz?cache=0&other_urls=https%3A%2F%2Fregistry.npm.taobao.org%2Fgulp-postcss%2Fdownload%2Fgulp-postcss-6.4.0.tgz",
      "dev": true,
      "dependencies": {
        "gulp-util": {
          "version": "https://registry.npm.taobao.org/gulp-util/download/gulp-util-3.0.8.tgz",
          "bundled": true
        },
        "postcss": {
          "version": "https://registry.npm.taobao.org/postcss/download/postcss-5.2.18.tgz?cache=0&other_urls=https%3A%2F%2Fregistry.npm.taobao.org%2Fpostcss%2Fdownload%2Fpostcss-5.2.18.tgz",
          "bundled": true
        },
        "postcss-load-config": {
          "version": "https://registry.npm.taobao.org/postcss-load-config/download/postcss-load-config-1.2.0.tgz",
          "bundled": true
        },
        "vinyl-sourcemaps-apply": {
          "version": "https://registry.npm.taobao.org/vinyl-sourcemaps-apply/download/vinyl-sourcemaps-apply-0.2.1.tgz",
          "bundled": true
        }
      }
    },
    "gulp-rename": {
      "version": "1.4.0",
      "resolved": "https://registry.npm.taobao.org/gulp-rename/download/gulp-rename-1.4.0.tgz",
      "dev": true
    },
    "gulp-replace": {
      "version": "1.0.0",
      "resolved": "https://registry.npm.taobao.org/gulp-replace/download/gulp-replace-1.0.0.tgz",
      "dev": true,
      "dependencies": {
        "istextorbinary": {
          "version": "https://registry.npm.taobao.org/istextorbinary/download/istextorbinary-2.2.1.tgz",
          "bundled": true
        },
        "readable-stream": {
          "version": "https://registry.npm.taobao.org/readable-stream/download/readable-stream-2.3.6.tgz",
          "bundled": true,
          "dependencies": {
            "core-util-is": {
              "version": "https://registry.npm.taobao.org/core-util-is/download/core-util-is-1.0.2.tgz"
            },
            "inherits": {
              "version": "https://registry.npm.taobao.org/inherits/download/inherits-2.0.4.tgz"
            },
            "isarray": {
              "version": "https://registry.npm.taobao.org/isarray/download/isarray-1.0.0.tgz?cache=0&sync_timestamp=1562592096220&other_urls=https%3A%2F%2Fregistry.npm.taobao.org%2Fisarray%2Fdownload%2Fisarray-1.0.0.tgz"
            },
            "process-nextick-args": {
              "version": "https://registry.npm.taobao.org/process-nextick-args/download/process-nextick-args-2.0.1.tgz"
            },
            "safe-buffer": {
              "version": "https://registry.npm.taobao.org/safe-buffer/download/safe-buffer-5.1.2.tgz"
            },
            "string_decoder": {
              "version": "https://registry.npm.taobao.org/string_decoder/download/string_decoder-1.1.1.tgz?cache=0&sync_timestamp=1565170823020&other_urls=https%3A%2F%2Fregistry.npm.taobao.org%2Fstring_decoder%2Fdownload%2Fstring_decoder-1.1.1.tgz"
            },
            "util-deprecate": {
              "version": "https://registry.npm.taobao.org/util-deprecate/download/util-deprecate-1.0.2.tgz"
            }
          }
        },
        "replacestream": {
          "version": "https://registry.npm.taobao.org/replacestream/download/replacestream-4.0.3.tgz",
          "bundled": true
        }
      }
    },
    "gulp-sass": {
      "version": "4.0.2",
      "resolved": "https://registry.npm.taobao.org/gulp-sass/download/gulp-sass-4.0.2.tgz",
      "dev": true,
      "dependencies": {
        "chalk": {
          "version": "https://registry.npm.taobao.org/chalk/download/chalk-2.4.2.tgz",
          "bundled": true
        },
        "lodash.clonedeep": {
          "version": "https://registry.npm.taobao.org/lodash.clonedeep/download/lodash.clonedeep-4.5.0.tgz",
          "bundled": true
        },
        "node-sass": {
          "version": "https://registry.npm.taobao.org/node-sass/download/node-sass-4.12.0.tgz",
          "bundled": true
        },
        "plugin-error": {
          "version": "https://registry.npm.taobao.org/plugin-error/download/plugin-error-1.0.1.tgz",
          "bundled": true
        },
        "replace-ext": {
          "version": "https://registry.npm.taobao.org/replace-ext/download/replace-ext-1.0.0.tgz",
          "bundled": true
        },
        "strip-ansi": {
          "version": "https://registry.npm.taobao.org/strip-ansi/download/strip-ansi-4.0.0.tgz",
          "bundled": true,
          "dependencies": {
            "ansi-regex": {
              "version": "https://registry.npm.taobao.org/ansi-regex/download/ansi-regex-3.0.0.tgz",
              "bundled": true
            }
          }
        },
        "through2": {
          "version": "https://registry.npm.taobao.org/through2/download/through2-2.0.5.tgz?cache=0&other_urls=https%3A%2F%2Fregistry.npm.taobao.org%2Fthrough2%2Fdownload%2Fthrough2-2.0.5.tgz",
          "bundled": true,
          "dependencies": {
            "readable-stream": {
              "version": "https://registry.npm.taobao.org/readable-stream/download/readable-stream-2.3.6.tgz",
              "dependencies": {}
            },
            "xtend": {
              "version": "https://registry.npm.taobao.org/xtend/download/xtend-4.0.2.tgz"
            }
          }
        },
        "vinyl-sourcemaps-apply": {
          "version": "https://registry.npm.taobao.org/vinyl-sourcemaps-apply/download/vinyl-sourcemaps-apply-0.2.1.tgz",
          "bundled": true,
          "dependencies": {
            "source-map": {
              "version": "https://registry.npm.taobao.org/source-map/download/source-map-0.5.7.tgz",
              "bundled": true
            }
          }
        }
      }
    },
    "gulp-tap": {
      "version": "2.0.0",
      "resolved": "https://registry.npmjs.org/gulp-tap/-/gulp-tap-2.0.0.tgz",
      "integrity": "sha512-U5/v1bTozx672QHzrvzPe6fPl2io7Wqyrx2y30AG53eMU/idH4BrY/b2yikOkdyhjDqGgPoMUMnpBg9e9LK8Nw==",
      "requires": {
        "through2": "^3.0.1"
      },
      "dependencies": {
        "isarray": {
          "version": "1.0.0",
          "resolved": "https://registry.npmjs.org/isarray/-/isarray-1.0.0.tgz",
          "integrity": "sha1-u5NdSFgsuhaMBoNJV6VKPgcSTxE="
        },
        "readable-stream": {
          "version": "2.3.6",
          "resolved": "https://registry.npmjs.org/readable-stream/-/readable-stream-2.3.6.tgz",
          "integrity": "sha512-tQtKA9WIAhBF3+VLAseyMqZeBjW0AHJoxOtYqSUZNJxauErmLbVm2FW1y+J/YA9dUrAC39ITejlZWhVIwawkKw==",
          "requires": {
            "core-util-is": "~1.0.0",
            "inherits": "~2.0.3",
            "isarray": "~1.0.0",
            "process-nextick-args": "~2.0.0",
            "safe-buffer": "~5.1.1",
            "string_decoder": "~1.1.1",
            "util-deprecate": "~1.0.1"
          }
        },
        "safe-buffer": {
          "version": "5.1.2",
          "resolved": "https://registry.npmjs.org/safe-buffer/-/safe-buffer-5.1.2.tgz",
          "integrity": "sha512-Gd2UZBJDkXlY7GbJxfsE8/nvKkUEU1G38c1siN6QP6a9PT9MmHB8GnpscSmMJSoF8LOIrt8ud/wPtojys4G6+g=="
        },
        "string_decoder": {
          "version": "1.1.1",
          "resolved": "https://registry.npmjs.org/string_decoder/-/string_decoder-1.1.1.tgz",
          "integrity": "sha512-n/ShnvDi6FHbbVfviro+WojiFzv+s8MPMHBczVePfUpDJLwoLT0ht1l4YwBCbi8pJAveEEdnkHyPyTP/mzRfwg==",
          "requires": {
            "safe-buffer": "~5.1.0"
          }
        },
        "through2": {
          "version": "3.0.1",
          "resolved": "https://registry.npmjs.org/through2/-/through2-3.0.1.tgz",
          "integrity": "sha512-M96dvTalPT3YbYLaKaCuwu+j06D/8Jfib0o/PxbVt6Amhv3dUAtW6rTV1jPgJSBG83I/e04Y6xkVdVhSRhi0ww==",
          "requires": {
            "readable-stream": "2 || 3"
          }
        }
      }
    },
    "inherits": {
      "version": "2.0.4",
      "resolved": "https://registry.npm.taobao.org/inherits/download/inherits-2.0.4.tgz"
    },
    "process-nextick-args": {
      "version": "2.0.1",
      "resolved": "https://registry.npm.taobao.org/process-nextick-args/download/process-nextick-args-2.0.1.tgz"
    },
    "util-deprecate": {
      "version": "1.0.2",
      "resolved": "https://registry.npm.taobao.org/util-deprecate/download/util-deprecate-1.0.2.tgz"
    }
  }
}
